
Microsoft Visual Studio Solution File, Format Version 12.00
# Visual Studio Version 17
VisualStudioVersion = 17.9.34310.174
MinimumVisualStudioVersion = 10.0.40219.1
Project("{FAE04EC0-301F-11D3-BF4B-00C04F79EFBC}") = "atldotnet-issue-240", "atldotnet-issue-240.csproj", "{1091F66B-EA33-414F-AC3C-AC2B715894AD}"
EndProject
Global
	GlobalSection(SolutionConfigurationPlatforms) = preSolution
		Debug|Any CPU = Debug|Any CPU
		Release|Any CPU = Release|Any CPU
	EndGlobalSection
	GlobalSection(ProjectConfigurationPlatforms) = postSolution
		{1091F66B-EA33-414F-AC3C-AC2B715894AD}.Debug|Any CPU.ActiveCfg = Debug|Any CPU
		{1091F66B-EA33-414F-AC3C-AC2B715894AD}.Debug|Any CPU.Build.0 = Debug|Any CPU
		{1091F66B-EA33-414F-AC3C-AC2B715894AD}.Release|Any CPU.ActiveCfg = Release|Any CPU
		{1091F66B-EA33-414F-AC3C-AC2B715894AD}.Release|Any CPU.Build.0 = Release|Any CPU
	EndGlobalSection
	GlobalSection(SolutionProperties) = preSolution
		HideSolutionNode = FALSE
	EndGlobalSection
	GlobalSection(ExtensibilityGlobals) = postSolution
		SolutionGuid = {E24E8628-5128-40C1-AC23-06452C6B9157}
	EndGlobalSection
EndGlobal
